
Microsoft Visual Studio Solution File, Format Version 12.00
# Visual Studio Version 17
VisualStudioVersion = 17.10.34916.146
MinimumVisualStudioVersion = 10.0.40219.1
Project("{E24C65DC-7377-472B-9ABA-BC803B73C61A}") = "WCF-ISI-TP02", ".", "{95DBFA16-CB4C-4E6F-B17C-FB8E4190EF68}"
	ProjectSection(WebsiteProperties) = preProject
		TargetFrameworkMoniker = ".NETFramework,Version%3Dv4.7.2"
		Debug.AspNetCompiler.VirtualPath = "/localhost_57645"
		Debug.AspNetCompiler.PhysicalPath = "..\WCF-ISI-TP02\"
		Debug.AspNetCompiler.TargetPath = "PrecompiledWeb\localhost_57645\"
		Debug.AspNetCompiler.Updateable = "true"
		Debug.AspNetCompiler.ForceOverwrite = "true"
		Debug.AspNetCompiler.FixedNames = "false"
		Debug.AspNetCompiler.Debug = "True"
		Release.AspNetCompiler.VirtualPath = "/localhost_57645"
		Release.AspNetCompiler.PhysicalPath = "..\WCF-ISI-TP02\"
		Release.AspNetCompiler.TargetPath = "PrecompiledWeb\localhost_57645\"
		Release.AspNetCompiler.Updateable = "true"
		Release.AspNetCompiler.ForceOverwrite = "true"
		Release.AspNetCompiler.FixedNames = "false"
		Release.AspNetCompiler.Debug = "False"
		VWDPort = "57645"
		SlnRelativePath = "..\WCF-ISI-TP02\"
		DefaultWebSiteLanguage = "Visual C#"
	EndProjectSection
EndProject
Global
	GlobalSection(SolutionConfigurationPlatforms) = preSolution
		Debug|Any CPU = Debug|Any CPU
	EndGlobalSection
	GlobalSection(ProjectConfigurationPlatforms) = postSolution
		{95DBFA16-CB4C-4E6F-B17C-FB8E4190EF68}.Debug|Any CPU.ActiveCfg = Debug|Any CPU
		{95DBFA16-CB4C-4E6F-B17C-FB8E4190EF68}.Debug|Any CPU.Build.0 = Debug|Any CPU
	EndGlobalSection
	GlobalSection(SolutionProperties) = preSolution
		HideSolutionNode = FALSE
	EndGlobalSection
	GlobalSection(ExtensibilityGlobals) = postSolution
		SolutionGuid = {35E43B1C-82C1-4D4F-B20D-7AEEB9EA6516}
	EndGlobalSection
EndGlobal
